
Microsoft Visual Studio Solution File, Format Version 12.00
# Visual Studio 15
VisualStudioVersion = 15.0.26730.16
MinimumVisualStudioVersion = 10.0.40219.1
Project("{FAE04EC0-301F-11D3-BF4B-00C04F79EFBC}") = "Cockroach", "Cockroach\Cockroach.csproj", "{3DC8F1A6-150E-4770-98EE-B7D6BEB06412}"
EndProject
Global
	GlobalSection(SolutionConfigurationPlatforms) = preSolution
		Debug|Any CPU = Debug|Any CPU
		Release|Any CPU = Release|Any CPU
	EndGlobalSection
	GlobalSection(ProjectConfigurationPlatforms) = postSolution
		{3DC8F1A6-150E-4770-98EE-B7D6BEB06412}.Debug|Any CPU.ActiveCfg = Debug|Any CPU
		{3DC8F1A6-150E-4770-98EE-B7D6BEB06412}.Debug|Any CPU.Build.0 = Debug|Any CPU
		{3DC8F1A6-150E-4770-98EE-B7D6BEB06412}.Release|Any CPU.ActiveCfg = Release|Any CPU
		{3DC8F1A6-150E-4770-98EE-B7D6BEB06412}.Release|Any CPU.Build.0 = Release|Any CPU
	EndGlobalSection
	GlobalSection(SolutionProperties) = preSolution
		HideSolutionNode = FALSE
	EndGlobalSection
	GlobalSection(ExtensibilityGlobals) = postSolution
		SolutionGuid = {F30FA5C5-B000-45C6-B39F-1CA29079EE1D}
	EndGlobalSection
EndGlobal
